
Microsoft Visual Studio Solution File, Format Version 12.00
# Visual Studio Version 17
VisualStudioVersion = 17.0.31903.59
MinimumVisualStudioVersion = 10.0.40219.1
Project("{2150E333-8FDC-42A3-9474-1A3956D46DE8}") = "src", "src", "{827E0CD3-B72D-47B6-A68D-7590B98EB39B}"
EndProject
Project("{FAE04EC0-301F-11D3-BF4B-00C04F79EFBC}") = "NovaForge.Core", "src\NovaForge.Core\NovaForge.Core.csproj", "{67B28903-8DFE-4C56-99B3-2D5080C13D79}"
EndProject
Project("{FAE04EC0-301F-11D3-BF4B-00C04F79EFBC}") = "NovaForge.Data", "src\NovaForge.Data\NovaForge.Data.csproj", "{28541D53-B306-4C8B-B8EE-08C1BA9143ED}"
EndProject
Project("{FAE04EC0-301F-11D3-BF4B-00C04F79EFBC}") = "NovaForge.ProcGen", "src\NovaForge.ProcGen\NovaForge.ProcGen.csproj", "{FC7C0AEC-4615-4145-9227-1F9FF16973EB}"
EndProject
Project("{FAE04EC0-301F-11D3-BF4B-00C04F79EFBC}") = "NovaForge.Voxels", "src\NovaForge.Voxels\NovaForge.Voxels.csproj", "{F86C1D8B-2DE3-4DA5-9E67-DFFB7245091E}"
EndProject
Project("{FAE04EC0-301F-11D3-BF4B-00C04F79EFBC}") = "NovaForge.Render", "src\NovaForge.Render\NovaForge.Render.csproj", "{01CC6594-BC4E-4389-A072-A2B42C5EDC9B}"
EndProject
Project("{FAE04EC0-301F-11D3-BF4B-00C04F79EFBC}") = "NovaForge.Game", "src\NovaForge.Game\NovaForge.Game.csproj", "{971397C6-EBCD-49AE-9EF7-9F162B260208}"
EndProject
Project("{FAE04EC0-301F-11D3-BF4B-00C04F79EFBC}") = "NovaForge.Tests", "src\NovaForge.Tests\NovaForge.Tests.csproj", "{870E5C97-3615-4246-9BFA-98C57726CFEE}"
EndProject
Global
	GlobalSection(SolutionConfigurationPlatforms) = preSolution
		Debug|Any CPU = Debug|Any CPU
		Debug|x64 = Debug|x64
		Debug|x86 = Debug|x86
		Release|Any CPU = Release|Any CPU
		Release|x64 = Release|x64
		Release|x86 = Release|x86
	EndGlobalSection
	GlobalSection(ProjectConfigurationPlatforms) = postSolution
		{67B28903-8DFE-4C56-99B3-2D5080C13D79}.Debug|Any CPU.ActiveCfg = Debug|Any CPU
		{67B28903-8DFE-4C56-99B3-2D5080C13D79}.Debug|Any CPU.Build.0 = Debug|Any CPU
		{67B28903-8DFE-4C56-99B3-2D5080C13D79}.Debug|x64.ActiveCfg = Debug|Any CPU
		{67B28903-8DFE-4C56-99B3-2D5080C13D79}.Debug|x64.Build.0 = Debug|Any CPU
		{67B28903-8DFE-4C56-99B3-2D5080C13D79}.Debug|x86.ActiveCfg = Debug|Any CPU
		{67B28903-8DFE-4C56-99B3-2D5080C13D79}.Debug|x86.Build.0 = Debug|Any CPU
		{67B28903-8DFE-4C56-99B3-2D5080C13D79}.Release|Any CPU.ActiveCfg = Release|Any CPU
		{67B28903-8DFE-4C56-99B3-2D5080C13D79}.Release|Any CPU.Build.0 = Release|Any CPU
		{67B28903-8DFE-4C56-99B3-2D5080C13D79}.Release|x64.ActiveCfg = Release|Any CPU
		{67B28903-8DFE-4C56-99B3-2D5080C13D79}.Release|x64.Build.0 = Release|Any CPU
		{67B28903-8DFE-4C56-99B3-2D5080C13D79}.Release|x86.ActiveCfg = Release|Any CPU
		{67B28903-8DFE-4C56-99B3-2D5080C13D79}.Release|x86.Build.0 = Release|Any CPU
		{28541D53-B306-4C8B-B8EE-08C1BA9143ED}.Debug|Any CPU.ActiveCfg = Debug|Any CPU
		{28541D53-B306-4C8B-B8EE-08C1BA9143ED}.Debug|Any CPU.Build.0 = Debug|Any CPU
		{28541D53-B306-4C8B-B8EE-08C1BA9143ED}.Debug|x64.ActiveCfg = Debug|Any CPU
		{28541D53-B306-4C8B-B8EE-08C1BA9143ED}.Debug|x64.Build.0 = Debug|Any CPU
		{28541D53-B306-4C8B-B8EE-08C1BA9143ED}.Debug|x86.ActiveCfg = Debug|Any CPU
		{28541D53-B306-4C8B-B8EE-08C1BA9143ED}.Debug|x86.Build.0 = Debug|Any CPU
		{28541D53-B306-4C8B-B8EE-08C1BA9143ED}.Release|Any CPU.ActiveCfg = Release|Any CPU
		{28541D53-B306-4C8B-B8EE-08C1BA9143ED}.Release|Any CPU.Build.0 = Release|Any CPU
		{28541D53-B306-4C8B-B8EE-08C1BA9143ED}.Release|x64.ActiveCfg = Release|Any CPU
		{28541D53-B306-4C8B-B8EE-08C1BA9143ED}.Release|x64.Build.0 = Release|Any CPU
		{28541D53-B306-4C8B-B8EE-08C1BA9143ED}.Release|x86.ActiveCfg = Release|Any CPU
		{28541D53-B306-4C8B-B8EE-08C1BA9143ED}.Release|x86.Build.0 = Release|Any CPU
		{FC7C0AEC-4615-4145-9227-1F9FF16973EB}.Debug|Any CPU.ActiveCfg = Debug|Any CPU
		{FC7C0AEC-4615-4145-9227-1F9FF16973EB}.Debug|Any CPU.Build.0 = Debug|Any CPU
		{FC7C0AEC-4615-4145-9227-1F9FF16973EB}.Debug|x64.ActiveCfg = Debug|Any CPU
		{FC7C0AEC-4615-4145-9227-1F9FF16973EB}.Debug|x64.Build.0 = Debug|Any CPU
		{FC7C0AEC-4615-4145-9227-1F9FF16973EB}.Debug|x86.ActiveCfg = Debug|Any CPU
		{FC7C0AEC-4615-4145-9227-1F9FF16973EB}.Debug|x86.Build.0 = Debug|Any CPU
		{FC7C0AEC-4615-4145-9227-1F9FF16973EB}.Release|Any CPU.ActiveCfg = Release|Any CPU
		{FC7C0AEC-4615-4145-9227-1F9FF16973EB}.Release|Any CPU.Build.0 = Release|Any CPU
		{FC7C0AEC-4615-4145-9227-1F9FF16973EB}.Release|x64.ActiveCfg = Release|Any CPU
		{FC7C0AEC-4615-4145-9227-1F9FF16973EB}.Release|x64.Build.0 = Release|Any CPU
		{FC7C0AEC-4615-4145-9227-1F9FF16973EB}.Release|x86.ActiveCfg = Release|Any CPU
		{FC7C0AEC-4615-4145-9227-1F9FF16973EB}.Release|x86.Build.0 = Release|Any CPU
		{F86C1D8B-2DE3-4DA5-9E67-DFFB7245091E}.Debug|Any CPU.ActiveCfg = Debug|Any CPU
		{F86C1D8B-2DE3-4DA5-9E67-DFFB7245091E}.Debug|Any CPU.Build.0 = Debug|Any CPU
		{F86C1D8B-2DE3-4DA5-9E67-DFFB7245091E}.Debug|x64.ActiveCfg = Debug|Any CPU
		{F86C1D8B-2DE3-4DA5-9E67-DFFB7245091E}.Debug|x64.Build.0 = Debug|Any CPU
		{F86C1D8B-2DE3-4DA5-9E67-DFFB7245091E}.Debug|x86.ActiveCfg = Debug|Any CPU
		{F86C1D8B-2DE3-4DA5-9E67-DFFB7245091E}.Debug|x86.Build.0 = Debug|Any CPU
		{F86C1D8B-2DE3-4DA5-9E67-DFFB7245091E}.Release|Any CPU.ActiveCfg = Release|Any CPU
		{F86C1D8B-2DE3-4DA5-9E67-DFFB7245091E}.Release|Any CPU.Build.0 = Release|Any CPU
		{F86C1D8B-2DE3-4DA5-9E67-DFFB7245091E}.Release|x64.ActiveCfg = Release|Any CPU
		{F86C1D8B-2DE3-4DA5-9E67-DFFB7245091E}.Release|x64.Build.0 = Release|Any CPU
		{F86C1D8B-2DE3-4DA5-9E67-DFFB7245091E}.Release|x86.ActiveCfg = Release|Any CPU
		{F86C1D8B-2DE3-4DA5-9E67-DFFB7245091E}.Release|x86.Build.0 = Release|Any CPU
		{01CC6594-BC4E-4389-A072-A2B42C5EDC9B}.Debug|Any CPU.ActiveCfg = Debug|Any CPU
		{01CC6594-BC4E-4389-A072-A2B42C5EDC9B}.Debug|Any CPU.Build.0 = Debug|Any CPU
		{01CC6594-BC4E-4389-A072-A2B42C5EDC9B}.Debug|x64.ActiveCfg = Debug|Any CPU
		{01CC6594-BC4E-4389-A072-A2B42C5EDC9B}.Debug|x64.Build.0 = Debug|Any CPU
		{01CC6594-BC4E-4389-A072-A2B42C5EDC9B}.Debug|x86.ActiveCfg = Debug|Any CPU
		{01CC6594-BC4E-4389-A072-A2B42C5EDC9B}.Debug|x86.Build.0 = Debug|Any CPU
		{01CC6594-BC4E-4389-A072-A2B42C5EDC9B}.Release|Any CPU.ActiveCfg = Release|Any CPU
		{01CC6594-BC4E-4389-A072-A2B42C5EDC9B}.Release|Any CPU.Build.0 = Release|Any CPU
		{01CC6594-BC4E-4389-A072-A2B42C5EDC9B}.Release|x64.ActiveCfg = Release|Any CPU
		{01CC6594-BC4E-4389-A072-A2B42C5EDC9B}.Release|x64.Build.0 = Release|Any CPU
		{01CC6594-BC4E-4389-A072-A2B42C5EDC9B}.Release|x86.ActiveCfg = Release|Any CPU
		{01CC6594-BC4E-4389-A072-A2B42C5EDC9B}.Release|x86.Build.0 = Release|Any CPU
		{971397C6-EBCD-49AE-9EF7-9F162B260208}.Debug|Any CPU.ActiveCfg = Debug|Any CPU
		{971397C6-EBCD-49AE-9EF7-9F162B260208}.Debug|Any CPU.Build.0 = Debug|Any CPU
		{971397C6-EBCD-49AE-9EF7-9F162B260208}.Debug|x64.ActiveCfg = Debug|Any CPU
		{971397C6-EBCD-49AE-9EF7-9F162B260208}.Debug|x64.Build.0 = Debug|Any CPU
		{971397C6-EBCD-49AE-9EF7-9F162B260208}.Debug|x86.ActiveCfg = Debug|Any CPU
		{971397C6-EBCD-49AE-9EF7-9F162B260208}.Debug|x86.Build.0 = Debug|Any CPU
		{971397C6-EBCD-49AE-9EF7-9F162B260208}.Release|Any CPU.ActiveCfg = Release|Any CPU
		{971397C6-EBCD-49AE-9EF7-9F162B260208}.Release|Any CPU.Build.0 = Release|Any CPU
		{971397C6-EBCD-49AE-9EF7-9F162B260208}.Release|x64.ActiveCfg = Release|Any CPU
		{971397C6-EBCD-49AE-9EF7-9F162B260208}.Release|x64.Build.0 = Release|Any CPU
		{971397C6-EBCD-49AE-9EF7-9F162B260208}.Release|x86.ActiveCfg = Release|Any CPU
		{971397C6-EBCD-49AE-9EF7-9F162B260208}.Release|x86.Build.0 = Release|Any CPU
		{870E5C97-3615-4246-9BFA-98C57726CFEE}.Debug|Any CPU.ActiveCfg = Debug|Any CPU
		{870E5C97-3615-4246-9BFA-98C57726CFEE}.Debug|Any CPU.Build.0 = Debug|Any CPU
		{870E5C97-3615-4246-9BFA-98C57726CFEE}.Debug|x64.ActiveCfg = Debug|Any CPU
		{870E5C97-3615-4246-9BFA-98C57726CFEE}.Debug|x64.Build.0 = Debug|Any CPU
		{870E5C97-3615-4246-9BFA-98C57726CFEE}.Debug|x86.ActiveCfg = Debug|Any CPU
		{870E5C97-3615-4246-9BFA-98C57726CFEE}.Debug|x86.Build.0 = Debug|Any CPU
		{870E5C97-3615-4246-9BFA-98C57726CFEE}.Release|Any CPU.ActiveCfg = Release|Any CPU
		{870E5C97-3615-4246-9BFA-98C57726CFEE}.Release|Any CPU.Build.0 = Release|Any CPU
		{870E5C97-3615-4246-9BFA-98C57726CFEE}.Release|x64.ActiveCfg = Release|Any CPU
		{870E5C97-3615-4246-9BFA-98C57726CFEE}.Release|x64.Build.0 = Release|Any CPU
		{870E5C97-3615-4246-9BFA-98C57726CFEE}.Release|x86.ActiveCfg = Release|Any CPU
		{870E5C97-3615-4246-9BFA-98C57726CFEE}.Release|x86.Build.0 = Release|Any CPU
	EndGlobalSection
	GlobalSection(SolutionProperties) = preSolution
		HideSolutionNode = FALSE
	EndGlobalSection
	GlobalSection(ExtensibilityGlobals) = postSolution
		StartupProject = {971397C6-EBCD-49AE-9EF7-9F162B260208}
	EndGlobalSection
	GlobalSection(NestedProjects) = preSolution
		{67B28903-8DFE-4C56-99B3-2D5080C13D79} = {827E0CD3-B72D-47B6-A68D-7590B98EB39B}
		{28541D53-B306-4C8B-B8EE-08C1BA9143ED} = {827E0CD3-B72D-47B6-A68D-7590B98EB39B}
		{FC7C0AEC-4615-4145-9227-1F9FF16973EB} = {827E0CD3-B72D-47B6-A68D-7590B98EB39B}
		{F86C1D8B-2DE3-4DA5-9E67-DFFB7245091E} = {827E0CD3-B72D-47B6-A68D-7590B98EB39B}
		{01CC6594-BC4E-4389-A072-A2B42C5EDC9B} = {827E0CD3-B72D-47B6-A68D-7590B98EB39B}
		{971397C6-EBCD-49AE-9EF7-9F162B260208} = {827E0CD3-B72D-47B6-A68D-7590B98EB39B}
		{870E5C97-3615-4246-9BFA-98C57726CFEE} = {827E0CD3-B72D-47B6-A68D-7590B98EB39B}
	EndGlobalSection
EndGlobal
